
Microsoft Visual Studio Solution File, Format Version 12.00
# Visual Studio Version 17
VisualStudioVersion = 17.9.34723.18
MinimumVisualStudioVersion = 10.0.40219.1
Project("{9A19103F-16F7-4668-BE54-9A1E7A4F7556}") = "Fitzone.Front", "Fitzone.Front\Fitzone.Front.csproj", "{11F1D9B8-AC4D-4DF6-836A-6DDAE90344CD}"
EndProject
Project("{9A19103F-16F7-4668-BE54-9A1E7A4F7556}") = "Fitzone.Controller", "Fitzone.Controller\Fitzone.Controller.csproj", "{4D807F23-52FA-42AE-BEDF-89FFA7991AFB}"
EndProject
Project("{9A19103F-16F7-4668-BE54-9A1E7A4F7556}") = "Fitzone.EF", "Fitzone.EF\Fitzone.EF.csproj", "{4902A7B0-D6C2-417D-88D2-865538586B6C}"
EndProject
Project("{9A19103F-16F7-4668-BE54-9A1E7A4F7556}") = "Fitzone.Entidades", "Fitzone.Entidades\Fitzone.Entidades.csproj", "{ED5A5338-3AD7-4F96-9ABB-1EFEF221AEC4}"
EndProject
Project("{FAE04EC0-301F-11D3-BF4B-00C04F79EFBC}") = "TestProjectFitZone", "TestProjectFitZone\TestProjectFitZone.csproj", "{1C12A5CA-FBAE-49A0-85AE-03D991A72A8E}"
EndProject
Global
	GlobalSection(SolutionConfigurationPlatforms) = preSolution
		Debug|Any CPU = Debug|Any CPU
		Release|Any CPU = Release|Any CPU
	EndGlobalSection
	GlobalSection(ProjectConfigurationPlatforms) = postSolution
		{11F1D9B8-AC4D-4DF6-836A-6DDAE90344CD}.Debug|Any CPU.ActiveCfg = Debug|Any CPU
		{11F1D9B8-AC4D-4DF6-836A-6DDAE90344CD}.Debug|Any CPU.Build.0 = Debug|Any CPU
		{11F1D9B8-AC4D-4DF6-836A-6DDAE90344CD}.Release|Any CPU.ActiveCfg = Release|Any CPU
		{11F1D9B8-AC4D-4DF6-836A-6DDAE90344CD}.Release|Any CPU.Build.0 = Release|Any CPU
		{4D807F23-52FA-42AE-BEDF-89FFA7991AFB}.Debug|Any CPU.ActiveCfg = Debug|Any CPU
		{4D807F23-52FA-42AE-BEDF-89FFA7991AFB}.Debug|Any CPU.Build.0 = Debug|Any CPU
		{4D807F23-52FA-42AE-BEDF-89FFA7991AFB}.Release|Any CPU.ActiveCfg = Release|Any CPU
		{4D807F23-52FA-42AE-BEDF-89FFA7991AFB}.Release|Any CPU.Build.0 = Release|Any CPU
		{4902A7B0-D6C2-417D-88D2-865538586B6C}.Debug|Any CPU.ActiveCfg = Debug|Any CPU
		{4902A7B0-D6C2-417D-88D2-865538586B6C}.Debug|Any CPU.Build.0 = Debug|Any CPU
		{4902A7B0-D6C2-417D-88D2-865538586B6C}.Release|Any CPU.ActiveCfg = Release|Any CPU
		{4902A7B0-D6C2-417D-88D2-865538586B6C}.Release|Any CPU.Build.0 = Release|Any CPU
		{ED5A5338-3AD7-4F96-9ABB-1EFEF221AEC4}.Debug|Any CPU.ActiveCfg = Debug|Any CPU
		{ED5A5338-3AD7-4F96-9ABB-1EFEF221AEC4}.Debug|Any CPU.Build.0 = Debug|Any CPU
		{ED5A5338-3AD7-4F96-9ABB-1EFEF221AEC4}.Release|Any CPU.ActiveCfg = Release|Any CPU
		{ED5A5338-3AD7-4F96-9ABB-1EFEF221AEC4}.Release|Any CPU.Build.0 = Release|Any CPU
		{1C12A5CA-FBAE-49A0-85AE-03D991A72A8E}.Debug|Any CPU.ActiveCfg = Debug|Any CPU
		{1C12A5CA-FBAE-49A0-85AE-03D991A72A8E}.Debug|Any CPU.Build.0 = Debug|Any CPU
		{1C12A5CA-FBAE-49A0-85AE-03D991A72A8E}.Release|Any CPU.ActiveCfg = Release|Any CPU
		{1C12A5CA-FBAE-49A0-85AE-03D991A72A8E}.Release|Any CPU.Build.0 = Release|Any CPU
	EndGlobalSection
	GlobalSection(SolutionProperties) = preSolution
		HideSolutionNode = FALSE
	EndGlobalSection
	GlobalSection(ExtensibilityGlobals) = postSolution
		SolutionGuid = {65900800-2141-41C7-93D2-EBA46851D57B}
	EndGlobalSection
EndGlobal
